
Microsoft Visual Studio Solution File, Format Version 12.00
# Visual Studio 2012
Project("{FAE04EC0-301F-11D3-BF4B-00C04F79EFBC}") = "Terradue.Sentinel.Safe", "Terradue.ESA.Sentinel\Terradue.Sentinel.Safe.csproj", "{841E228D-7FA8-4C08-A197-26610921B24F}"
EndProject
Global
	GlobalSection(SolutionConfigurationPlatforms) = preSolution
		Debug|Any CPU = Debug|Any CPU
		Release|Any CPU = Release|Any CPU
	EndGlobalSection
	GlobalSection(ProjectConfigurationPlatforms) = postSolution
		{841E228D-7FA8-4C08-A197-26610921B24F}.Debug|Any CPU.ActiveCfg = Debug|Any CPU
		{841E228D-7FA8-4C08-A197-26610921B24F}.Debug|Any CPU.Build.0 = Debug|Any CPU
		{841E228D-7FA8-4C08-A197-26610921B24F}.Release|Any CPU.ActiveCfg = Release|Any CPU
		{841E228D-7FA8-4C08-A197-26610921B24F}.Release|Any CPU.Build.0 = Release|Any CPU
	EndGlobalSection
	GlobalSection(MonoDevelopProperties) = preSolution
		StartupItem = Terradue.ESA.Sentinel\Terradue.Sentinel.Safe.csproj
	EndGlobalSection
EndGlobal
